
Microsoft Visual Studio Solution File, Format Version 12.00
# Visual Studio 15
VisualStudioVersion = 15.0.28307.1267
MinimumVisualStudioVersion = 10.0.40219.1
Project("{8BC9CEB8-8B4A-11D0-8D11-00A0C91BC942}") = "Basic02", "Basic02\Basic02.vcxproj", "{CDE534E6-87BE-4B9E-A16A-875A8CDDB415}"
EndProject
Project("{8BC9CEB8-8B4A-11D0-8D11-00A0C91BC942}") = "Basic01", "Basic01\Basic_1.vcxproj", "{E0B62E2F-A0F5-4829-92D5-AF58ECB9F13C}"
EndProject
Project("{8BC9CEB8-8B4A-11D0-8D11-00A0C91BC942}") = "Basic03", "Basic03\Basic3.vcxproj", "{ABB37F05-90ED-4E94-A91E-3B235EDDA52F}"
EndProject
Project("{8BC9CEB8-8B4A-11D0-8D11-00A0C91BC942}") = "Basic04_Vector", "Basic04_Vector\Basic04_Vector.vcxproj", "{7DD89C27-26A9-4ABB-927E-B102700039AF}"
EndProject
Project("{8BC9CEB8-8B4A-11D0-8D11-00A0C91BC942}") = "Basic05_String", "Basic05_String\Basic05_String.vcxproj", "{D95E0634-839C-4CBB-B4F3-79F64520292C}"
EndProject
Project("{8BC9CEB8-8B4A-11D0-8D11-00A0C91BC942}") = "Basic05_Deque", "Basic05_Deque\Basic05_Deque.vcxproj", "{37032FC3-7AD7-4507-A3F0-A08295EEABC7}"
EndProject
Global
	GlobalSection(SolutionConfigurationPlatforms) = preSolution
		Debug|x64 = Debug|x64
		Debug|x86 = Debug|x86
		Release|x64 = Release|x64
		Release|x86 = Release|x86
	EndGlobalSection
	GlobalSection(ProjectConfigurationPlatforms) = postSolution
		{CDE534E6-87BE-4B9E-A16A-875A8CDDB415}.Debug|x64.ActiveCfg = Debug|x64
		{CDE534E6-87BE-4B9E-A16A-875A8CDDB415}.Debug|x64.Build.0 = Debug|x64
		{CDE534E6-87BE-4B9E-A16A-875A8CDDB415}.Debug|x86.ActiveCfg = Debug|Win32
		{CDE534E6-87BE-4B9E-A16A-875A8CDDB415}.Debug|x86.Build.0 = Debug|Win32
		{CDE534E6-87BE-4B9E-A16A-875A8CDDB415}.Release|x64.ActiveCfg = Release|x64
		{CDE534E6-87BE-4B9E-A16A-875A8CDDB415}.Release|x64.Build.0 = Release|x64
		{CDE534E6-87BE-4B9E-A16A-875A8CDDB415}.Release|x86.ActiveCfg = Release|Win32
		{CDE534E6-87BE-4B9E-A16A-875A8CDDB415}.Release|x86.Build.0 = Release|Win32
		{E0B62E2F-A0F5-4829-92D5-AF58ECB9F13C}.Debug|x64.ActiveCfg = Debug|x64
		{E0B62E2F-A0F5-4829-92D5-AF58ECB9F13C}.Debug|x64.Build.0 = Debug|x64
		{E0B62E2F-A0F5-4829-92D5-AF58ECB9F13C}.Debug|x86.ActiveCfg = Debug|Win32
		{E0B62E2F-A0F5-4829-92D5-AF58ECB9F13C}.Debug|x86.Build.0 = Debug|Win32
		{E0B62E2F-A0F5-4829-92D5-AF58ECB9F13C}.Release|x64.ActiveCfg = Release|x64
		{E0B62E2F-A0F5-4829-92D5-AF58ECB9F13C}.Release|x64.Build.0 = Release|x64
		{E0B62E2F-A0F5-4829-92D5-AF58ECB9F13C}.Release|x86.ActiveCfg = Release|Win32
		{E0B62E2F-A0F5-4829-92D5-AF58ECB9F13C}.Release|x86.Build.0 = Release|Win32
		{ABB37F05-90ED-4E94-A91E-3B235EDDA52F}.Debug|x64.ActiveCfg = Debug|x64
		{ABB37F05-90ED-4E94-A91E-3B235EDDA52F}.Debug|x64.Build.0 = Debug|x64
		{ABB37F05-90ED-4E94-A91E-3B235EDDA52F}.Debug|x86.ActiveCfg = Debug|Win32
		{ABB37F05-90ED-4E94-A91E-3B235EDDA52F}.Debug|x86.Build.0 = Debug|Win32
		{ABB37F05-90ED-4E94-A91E-3B235EDDA52F}.Release|x64.ActiveCfg = Release|x64
		{ABB37F05-90ED-4E94-A91E-3B235EDDA52F}.Release|x64.Build.0 = Release|x64
		{ABB37F05-90ED-4E94-A91E-3B235EDDA52F}.Release|x86.ActiveCfg = Release|Win32
		{ABB37F05-90ED-4E94-A91E-3B235EDDA52F}.Release|x86.Build.0 = Release|Win32
		{7DD89C27-26A9-4ABB-927E-B102700039AF}.Debug|x64.ActiveCfg = Debug|x64
		{7DD89C27-26A9-4ABB-927E-B102700039AF}.Debug|x64.Build.0 = Debug|x64
		{7DD89C27-26A9-4ABB-927E-B102700039AF}.Debug|x86.ActiveCfg = Debug|Win32
		{7DD89C27-26A9-4ABB-927E-B102700039AF}.Debug|x86.Build.0 = Debug|Win32
		{7DD89C27-26A9-4ABB-927E-B102700039AF}.Release|x64.ActiveCfg = Release|x64
		{7DD89C27-26A9-4ABB-927E-B102700039AF}.Release|x64.Build.0 = Release|x64
		{7DD89C27-26A9-4ABB-927E-B102700039AF}.Release|x86.ActiveCfg = Release|Win32
		{7DD89C27-26A9-4ABB-927E-B102700039AF}.Release|x86.Build.0 = Release|Win32
		{D95E0634-839C-4CBB-B4F3-79F64520292C}.Debug|x64.ActiveCfg = Debug|x64
		{D95E0634-839C-4CBB-B4F3-79F64520292C}.Debug|x64.Build.0 = Debug|x64
		{D95E0634-839C-4CBB-B4F3-79F64520292C}.Debug|x86.ActiveCfg = Debug|Win32
		{D95E0634-839C-4CBB-B4F3-79F64520292C}.Debug|x86.Build.0 = Debug|Win32
		{D95E0634-839C-4CBB-B4F3-79F64520292C}.Release|x64.ActiveCfg = Release|x64
		{D95E0634-839C-4CBB-B4F3-79F64520292C}.Release|x64.Build.0 = Release|x64
		{D95E0634-839C-4CBB-B4F3-79F64520292C}.Release|x86.ActiveCfg = Release|Win32
		{D95E0634-839C-4CBB-B4F3-79F64520292C}.Release|x86.Build.0 = Release|Win32
		{37032FC3-7AD7-4507-A3F0-A08295EEABC7}.Debug|x64.ActiveCfg = Debug|x64
		{37032FC3-7AD7-4507-A3F0-A08295EEABC7}.Debug|x64.Build.0 = Debug|x64
		{37032FC3-7AD7-4507-A3F0-A08295EEABC7}.Debug|x86.ActiveCfg = Debug|Win32
		{37032FC3-7AD7-4507-A3F0-A08295EEABC7}.Debug|x86.Build.0 = Debug|Win32
		{37032FC3-7AD7-4507-A3F0-A08295EEABC7}.Release|x64.ActiveCfg = Release|x64
		{37032FC3-7AD7-4507-A3F0-A08295EEABC7}.Release|x64.Build.0 = Release|x64
		{37032FC3-7AD7-4507-A3F0-A08295EEABC7}.Release|x86.ActiveCfg = Release|Win32
		{37032FC3-7AD7-4507-A3F0-A08295EEABC7}.Release|x86.Build.0 = Release|Win32
	EndGlobalSection
	GlobalSection(SolutionProperties) = preSolution
		HideSolutionNode = FALSE
	EndGlobalSection
	GlobalSection(ExtensibilityGlobals) = postSolution
		SolutionGuid = {660136EC-CCDB-47ED-8397-57FE345609BC}
	EndGlobalSection
EndGlobal
