
Microsoft Visual Studio Solution File, Format Version 12.00
# Visual Studio 15
VisualStudioVersion = 15.0.28307.1267
MinimumVisualStudioVersion = 10.0.40219.1
Project("{8BC9CEB8-8B4A-11D0-8D11-00A0C91BC942}") = "Algorithm2", "Algorithm2\Algorithm2.vcxproj", "{97A16A0F-1C32-40E0-A3F8-FD15F3F57784}"
EndProject
Project("{8BC9CEB8-8B4A-11D0-8D11-00A0C91BC942}") = "Algorithm3", "Algorithm3\Algorithm3.vcxproj", "{64DFCA93-0F23-4378-8DD4-550D8F8BCA11}"
EndProject
Project("{8BC9CEB8-8B4A-11D0-8D11-00A0C91BC942}") = "Algorithm4", "Algorithm4\Algorithm4.vcxproj", "{A844960F-C4E7-4694-B5D3-ED0761BDB7F9}"
EndProject
Project("{8BC9CEB8-8B4A-11D0-8D11-00A0C91BC942}") = "Algorithm5", "Algorithm5\Algorithm5.vcxproj", "{575FF1BA-228B-44F4-9178-5E85DBDE3FBA}"
EndProject
Project("{8BC9CEB8-8B4A-11D0-8D11-00A0C91BC942}") = "Algorithm6", "Algorithm6\Algorithm6.vcxproj", "{64DB0208-93AD-42F0-974A-D82D70798289}"
EndProject
Project("{8BC9CEB8-8B4A-11D0-8D11-00A0C91BC942}") = "Algorithm6_Reference", "Algorithm6_Reference\Algorithm6_Reference.vcxproj", "{8812B995-A9E0-4683-BD47-661B96A631C3}"
EndProject
Project("{8BC9CEB8-8B4A-11D0-8D11-00A0C91BC942}") = "Algorithm7", "Algorithm7\Algorithm7.vcxproj", "{A121EA38-03E7-4312-A7F1-4F191EC2DDCF}"
EndProject
Project("{8BC9CEB8-8B4A-11D0-8D11-00A0C91BC942}") = "Algorithm7_2", "Algorithm7_2\Algorithm7_2.vcxproj", "{498DF9B4-10C0-4185-B56E-1409FE5810BC}"
EndProject
Project("{8BC9CEB8-8B4A-11D0-8D11-00A0C91BC942}") = "Algorithm7_3", "Algorithm7_3\Algorithm7_3.vcxproj", "{7753CFFD-111F-4AAE-8C78-A973D7E32014}"
EndProject
Project("{8BC9CEB8-8B4A-11D0-8D11-00A0C91BC942}") = "Algorithm7_4", "Algorithm7_4\Algorithm7_4.vcxproj", "{BEC92BE2-5408-4B6F-96DD-E26C4DC1ECF4}"
EndProject
Project("{8BC9CEB8-8B4A-11D0-8D11-00A0C91BC942}") = "Algorithm7_5", "Algorithm7_5\Algorithm7_5.vcxproj", "{13092541-E09A-4778-B06E-AD6FDEEE71C1}"
EndProject
Global
	GlobalSection(SolutionConfigurationPlatforms) = preSolution
		Debug|x64 = Debug|x64
		Debug|x86 = Debug|x86
		Release|x64 = Release|x64
		Release|x86 = Release|x86
	EndGlobalSection
	GlobalSection(ProjectConfigurationPlatforms) = postSolution
		{97A16A0F-1C32-40E0-A3F8-FD15F3F57784}.Debug|x64.ActiveCfg = Debug|x64
		{97A16A0F-1C32-40E0-A3F8-FD15F3F57784}.Debug|x64.Build.0 = Debug|x64
		{97A16A0F-1C32-40E0-A3F8-FD15F3F57784}.Debug|x86.ActiveCfg = Debug|Win32
		{97A16A0F-1C32-40E0-A3F8-FD15F3F57784}.Debug|x86.Build.0 = Debug|Win32
		{97A16A0F-1C32-40E0-A3F8-FD15F3F57784}.Release|x64.ActiveCfg = Release|x64
		{97A16A0F-1C32-40E0-A3F8-FD15F3F57784}.Release|x64.Build.0 = Release|x64
		{97A16A0F-1C32-40E0-A3F8-FD15F3F57784}.Release|x86.ActiveCfg = Release|Win32
		{97A16A0F-1C32-40E0-A3F8-FD15F3F57784}.Release|x86.Build.0 = Release|Win32
		{64DFCA93-0F23-4378-8DD4-550D8F8BCA11}.Debug|x64.ActiveCfg = Debug|x64
		{64DFCA93-0F23-4378-8DD4-550D8F8BCA11}.Debug|x64.Build.0 = Debug|x64
		{64DFCA93-0F23-4378-8DD4-550D8F8BCA11}.Debug|x86.ActiveCfg = Debug|Win32
		{64DFCA93-0F23-4378-8DD4-550D8F8BCA11}.Debug|x86.Build.0 = Debug|Win32
		{64DFCA93-0F23-4378-8DD4-550D8F8BCA11}.Release|x64.ActiveCfg = Release|x64
		{64DFCA93-0F23-4378-8DD4-550D8F8BCA11}.Release|x64.Build.0 = Release|x64
		{64DFCA93-0F23-4378-8DD4-550D8F8BCA11}.Release|x86.ActiveCfg = Release|Win32
		{64DFCA93-0F23-4378-8DD4-550D8F8BCA11}.Release|x86.Build.0 = Release|Win32
		{A844960F-C4E7-4694-B5D3-ED0761BDB7F9}.Debug|x64.ActiveCfg = Debug|x64
		{A844960F-C4E7-4694-B5D3-ED0761BDB7F9}.Debug|x64.Build.0 = Debug|x64
		{A844960F-C4E7-4694-B5D3-ED0761BDB7F9}.Debug|x86.ActiveCfg = Debug|Win32
		{A844960F-C4E7-4694-B5D3-ED0761BDB7F9}.Debug|x86.Build.0 = Debug|Win32
		{A844960F-C4E7-4694-B5D3-ED0761BDB7F9}.Release|x64.ActiveCfg = Release|x64
		{A844960F-C4E7-4694-B5D3-ED0761BDB7F9}.Release|x64.Build.0 = Release|x64
		{A844960F-C4E7-4694-B5D3-ED0761BDB7F9}.Release|x86.ActiveCfg = Release|Win32
		{A844960F-C4E7-4694-B5D3-ED0761BDB7F9}.Release|x86.Build.0 = Release|Win32
		{575FF1BA-228B-44F4-9178-5E85DBDE3FBA}.Debug|x64.ActiveCfg = Debug|x64
		{575FF1BA-228B-44F4-9178-5E85DBDE3FBA}.Debug|x64.Build.0 = Debug|x64
		{575FF1BA-228B-44F4-9178-5E85DBDE3FBA}.Debug|x86.ActiveCfg = Debug|Win32
		{575FF1BA-228B-44F4-9178-5E85DBDE3FBA}.Debug|x86.Build.0 = Debug|Win32
		{575FF1BA-228B-44F4-9178-5E85DBDE3FBA}.Release|x64.ActiveCfg = Release|x64
		{575FF1BA-228B-44F4-9178-5E85DBDE3FBA}.Release|x64.Build.0 = Release|x64
		{575FF1BA-228B-44F4-9178-5E85DBDE3FBA}.Release|x86.ActiveCfg = Release|Win32
		{575FF1BA-228B-44F4-9178-5E85DBDE3FBA}.Release|x86.Build.0 = Release|Win32
		{64DB0208-93AD-42F0-974A-D82D70798289}.Debug|x64.ActiveCfg = Debug|x64
		{64DB0208-93AD-42F0-974A-D82D70798289}.Debug|x64.Build.0 = Debug|x64
		{64DB0208-93AD-42F0-974A-D82D70798289}.Debug|x86.ActiveCfg = Debug|Win32
		{64DB0208-93AD-42F0-974A-D82D70798289}.Debug|x86.Build.0 = Debug|Win32
		{64DB0208-93AD-42F0-974A-D82D70798289}.Release|x64.ActiveCfg = Release|x64
		{64DB0208-93AD-42F0-974A-D82D70798289}.Release|x64.Build.0 = Release|x64
		{64DB0208-93AD-42F0-974A-D82D70798289}.Release|x86.ActiveCfg = Release|Win32
		{64DB0208-93AD-42F0-974A-D82D70798289}.Release|x86.Build.0 = Release|Win32
		{8812B995-A9E0-4683-BD47-661B96A631C3}.Debug|x64.ActiveCfg = Debug|x64
		{8812B995-A9E0-4683-BD47-661B96A631C3}.Debug|x64.Build.0 = Debug|x64
		{8812B995-A9E0-4683-BD47-661B96A631C3}.Debug|x86.ActiveCfg = Debug|Win32
		{8812B995-A9E0-4683-BD47-661B96A631C3}.Debug|x86.Build.0 = Debug|Win32
		{8812B995-A9E0-4683-BD47-661B96A631C3}.Release|x64.ActiveCfg = Release|x64
		{8812B995-A9E0-4683-BD47-661B96A631C3}.Release|x64.Build.0 = Release|x64
		{8812B995-A9E0-4683-BD47-661B96A631C3}.Release|x86.ActiveCfg = Release|Win32
		{8812B995-A9E0-4683-BD47-661B96A631C3}.Release|x86.Build.0 = Release|Win32
		{A121EA38-03E7-4312-A7F1-4F191EC2DDCF}.Debug|x64.ActiveCfg = Debug|x64
		{A121EA38-03E7-4312-A7F1-4F191EC2DDCF}.Debug|x64.Build.0 = Debug|x64
		{A121EA38-03E7-4312-A7F1-4F191EC2DDCF}.Debug|x86.ActiveCfg = Debug|Win32
		{A121EA38-03E7-4312-A7F1-4F191EC2DDCF}.Debug|x86.Build.0 = Debug|Win32
		{A121EA38-03E7-4312-A7F1-4F191EC2DDCF}.Release|x64.ActiveCfg = Release|x64
		{A121EA38-03E7-4312-A7F1-4F191EC2DDCF}.Release|x64.Build.0 = Release|x64
		{A121EA38-03E7-4312-A7F1-4F191EC2DDCF}.Release|x86.ActiveCfg = Release|Win32
		{A121EA38-03E7-4312-A7F1-4F191EC2DDCF}.Release|x86.Build.0 = Release|Win32
		{498DF9B4-10C0-4185-B56E-1409FE5810BC}.Debug|x64.ActiveCfg = Debug|x64
		{498DF9B4-10C0-4185-B56E-1409FE5810BC}.Debug|x64.Build.0 = Debug|x64
		{498DF9B4-10C0-4185-B56E-1409FE5810BC}.Debug|x86.ActiveCfg = Debug|Win32
		{498DF9B4-10C0-4185-B56E-1409FE5810BC}.Debug|x86.Build.0 = Debug|Win32
		{498DF9B4-10C0-4185-B56E-1409FE5810BC}.Release|x64.ActiveCfg = Release|x64
		{498DF9B4-10C0-4185-B56E-1409FE5810BC}.Release|x64.Build.0 = Release|x64
		{498DF9B4-10C0-4185-B56E-1409FE5810BC}.Release|x86.ActiveCfg = Release|Win32
		{498DF9B4-10C0-4185-B56E-1409FE5810BC}.Release|x86.Build.0 = Release|Win32
		{7753CFFD-111F-4AAE-8C78-A973D7E32014}.Debug|x64.ActiveCfg = Debug|x64
		{7753CFFD-111F-4AAE-8C78-A973D7E32014}.Debug|x64.Build.0 = Debug|x64
		{7753CFFD-111F-4AAE-8C78-A973D7E32014}.Debug|x86.ActiveCfg = Debug|Win32
		{7753CFFD-111F-4AAE-8C78-A973D7E32014}.Debug|x86.Build.0 = Debug|Win32
		{7753CFFD-111F-4AAE-8C78-A973D7E32014}.Release|x64.ActiveCfg = Release|x64
		{7753CFFD-111F-4AAE-8C78-A973D7E32014}.Release|x64.Build.0 = Release|x64
		{7753CFFD-111F-4AAE-8C78-A973D7E32014}.Release|x86.ActiveCfg = Release|Win32
		{7753CFFD-111F-4AAE-8C78-A973D7E32014}.Release|x86.Build.0 = Release|Win32
		{BEC92BE2-5408-4B6F-96DD-E26C4DC1ECF4}.Debug|x64.ActiveCfg = Debug|x64
		{BEC92BE2-5408-4B6F-96DD-E26C4DC1ECF4}.Debug|x64.Build.0 = Debug|x64
		{BEC92BE2-5408-4B6F-96DD-E26C4DC1ECF4}.Debug|x86.ActiveCfg = Debug|Win32
		{BEC92BE2-5408-4B6F-96DD-E26C4DC1ECF4}.Debug|x86.Build.0 = Debug|Win32
		{BEC92BE2-5408-4B6F-96DD-E26C4DC1ECF4}.Release|x64.ActiveCfg = Release|x64
		{BEC92BE2-5408-4B6F-96DD-E26C4DC1ECF4}.Release|x64.Build.0 = Release|x64
		{BEC92BE2-5408-4B6F-96DD-E26C4DC1ECF4}.Release|x86.ActiveCfg = Release|Win32
		{BEC92BE2-5408-4B6F-96DD-E26C4DC1ECF4}.Release|x86.Build.0 = Release|Win32
		{13092541-E09A-4778-B06E-AD6FDEEE71C1}.Debug|x64.ActiveCfg = Debug|x64
		{13092541-E09A-4778-B06E-AD6FDEEE71C1}.Debug|x64.Build.0 = Debug|x64
		{13092541-E09A-4778-B06E-AD6FDEEE71C1}.Debug|x86.ActiveCfg = Debug|Win32
		{13092541-E09A-4778-B06E-AD6FDEEE71C1}.Debug|x86.Build.0 = Debug|Win32
		{13092541-E09A-4778-B06E-AD6FDEEE71C1}.Release|x64.ActiveCfg = Release|x64
		{13092541-E09A-4778-B06E-AD6FDEEE71C1}.Release|x64.Build.0 = Release|x64
		{13092541-E09A-4778-B06E-AD6FDEEE71C1}.Release|x86.ActiveCfg = Release|Win32
		{13092541-E09A-4778-B06E-AD6FDEEE71C1}.Release|x86.Build.0 = Release|Win32
	EndGlobalSection
	GlobalSection(SolutionProperties) = preSolution
		HideSolutionNode = FALSE
	EndGlobalSection
	GlobalSection(ExtensibilityGlobals) = postSolution
		SolutionGuid = {13DA920D-ED1C-4A52-9FAE-DA81DE59D4A6}
	EndGlobalSection
EndGlobal
